
Microsoft Visual Studio Solution File, Format Version 12.00
# Visual Studio Version 16
VisualStudioVersion = 16.0.29728.190
MinimumVisualStudioVersion = 10.0.40219.1
Project("{FAE04EC0-301F-11D3-BF4B-00C04F79EFBC}") = "Test_IMBASE", "Test_IMBASE\Test_IMBASE.csproj", "{7B48F133-E4D3-464B-A696-621D9A21A829}"
EndProject
Global
	GlobalSection(SolutionConfigurationPlatforms) = preSolution
		Debug|Any CPU = Debug|Any CPU
		Release|Any CPU = Release|Any CPU
	EndGlobalSection
	GlobalSection(ProjectConfigurationPlatforms) = postSolution
		{7B48F133-E4D3-464B-A696-621D9A21A829}.Debug|Any CPU.ActiveCfg = Debug|Any CPU
		{7B48F133-E4D3-464B-A696-621D9A21A829}.Debug|Any CPU.Build.0 = Debug|Any CPU
		{7B48F133-E4D3-464B-A696-621D9A21A829}.Release|Any CPU.ActiveCfg = Release|Any CPU
		{7B48F133-E4D3-464B-A696-621D9A21A829}.Release|Any CPU.Build.0 = Release|Any CPU
	EndGlobalSection
	GlobalSection(SolutionProperties) = preSolution
		HideSolutionNode = FALSE
	EndGlobalSection
	GlobalSection(ExtensibilityGlobals) = postSolution
		SolutionGuid = {D54E65F7-EBDC-41A8-ACEF-C946EAB6935C}
	EndGlobalSection
EndGlobal
